
Microsoft Visual Studio Solution File, Format Version 12.00
# Visual Studio Version 16
VisualStudioVersion = 16.0.31129.286
MinimumVisualStudioVersion = 10.0.40219.1
Project("{FAE04EC0-301F-11D3-BF4B-00C04F79EFBC}") = "DATN_App_Windows", "DATN_App_Windows\DATN_App_Windows.csproj", "{97BE4E4B-4391-4A18-8F3E-A4D4E3105449}"
EndProject
Global
	GlobalSection(SolutionConfigurationPlatforms) = preSolution
		Debug|Any CPU = Debug|Any CPU
		Release|Any CPU = Release|Any CPU
	EndGlobalSection
	GlobalSection(ProjectConfigurationPlatforms) = postSolution
		{97BE4E4B-4391-4A18-8F3E-A4D4E3105449}.Debug|Any CPU.ActiveCfg = Debug|Any CPU
		{97BE4E4B-4391-4A18-8F3E-A4D4E3105449}.Debug|Any CPU.Build.0 = Debug|Any CPU
		{97BE4E4B-4391-4A18-8F3E-A4D4E3105449}.Release|Any CPU.ActiveCfg = Release|Any CPU
		{97BE4E4B-4391-4A18-8F3E-A4D4E3105449}.Release|Any CPU.Build.0 = Release|Any CPU
	EndGlobalSection
	GlobalSection(SolutionProperties) = preSolution
		HideSolutionNode = FALSE
	EndGlobalSection
	GlobalSection(ExtensibilityGlobals) = postSolution
		SolutionGuid = {8D136F83-7FF8-4F5E-AF8E-9D607DF6C5E7}
	EndGlobalSection
EndGlobal
